
Microsoft Visual Studio Solution File, Format Version 12.00
# Visual Studio Version 16
VisualStudioVersion = 16.0.31205.134
MinimumVisualStudioVersion = 10.0.40219.1
Project("{FAE04EC0-301F-11D3-BF4B-00C04F79EFBC}") = "DJxHaxWPFV2", "WpfApp1\DJxHaxWPFV2.csproj", "{F9B72E54-2D5A-4C5D-9A27-780D7DF68B58}"
EndProject
Global
	GlobalSection(SolutionConfigurationPlatforms) = preSolution
		Debug|Any CPU = Debug|Any CPU
		Release|Any CPU = Release|Any CPU
	EndGlobalSection
	GlobalSection(ProjectConfigurationPlatforms) = postSolution
		{F9B72E54-2D5A-4C5D-9A27-780D7DF68B58}.Debug|Any CPU.ActiveCfg = Debug|Any CPU
		{F9B72E54-2D5A-4C5D-9A27-780D7DF68B58}.Debug|Any CPU.Build.0 = Debug|Any CPU
		{F9B72E54-2D5A-4C5D-9A27-780D7DF68B58}.Release|Any CPU.ActiveCfg = Release|Any CPU
		{F9B72E54-2D5A-4C5D-9A27-780D7DF68B58}.Release|Any CPU.Build.0 = Release|Any CPU
	EndGlobalSection
	GlobalSection(SolutionProperties) = preSolution
		HideSolutionNode = FALSE
	EndGlobalSection
	GlobalSection(ExtensibilityGlobals) = postSolution
		SolutionGuid = {BE9001EA-F211-4F33-9140-DF0F35990810}
	EndGlobalSection
EndGlobal
